
Microsoft Visual Studio Solution File, Format Version 12.00
# Visual Studio Version 17
VisualStudioVersion = 17.5.002.0
MinimumVisualStudioVersion = 10.0.40219.1
Project("{9A19103F-16F7-4668-BE54-9A1E7A4F7556}") = "OperadoresCondicionais", "OperadoresCondicionais.csproj", "{0DC799D2-98D4-4782-B44F-3D55B1C3C091}"
EndProject
Global
	GlobalSection(SolutionConfigurationPlatforms) = preSolution
		Debug|Any CPU = Debug|Any CPU
		Release|Any CPU = Release|Any CPU
	EndGlobalSection
	GlobalSection(ProjectConfigurationPlatforms) = postSolution
		{0DC799D2-98D4-4782-B44F-3D55B1C3C091}.Debug|Any CPU.ActiveCfg = Debug|Any CPU
		{0DC799D2-98D4-4782-B44F-3D55B1C3C091}.Debug|Any CPU.Build.0 = Debug|Any CPU
		{0DC799D2-98D4-4782-B44F-3D55B1C3C091}.Release|Any CPU.ActiveCfg = Release|Any CPU
		{0DC799D2-98D4-4782-B44F-3D55B1C3C091}.Release|Any CPU.Build.0 = Release|Any CPU
	EndGlobalSection
	GlobalSection(SolutionProperties) = preSolution
		HideSolutionNode = FALSE
	EndGlobalSection
	GlobalSection(ExtensibilityGlobals) = postSolution
		SolutionGuid = {E2AD3F48-ACCD-4F72-BC49-5DCC4B458194}
	EndGlobalSection
EndGlobal
