
Microsoft Visual Studio Solution File, Format Version 12.00
# Visual Studio Version 17
VisualStudioVersion = 17.5.002.0
MinimumVisualStudioVersion = 10.0.40219.1
Project("{9A19103F-16F7-4668-BE54-9A1E7A4F7556}") = "OperadoresAritmeticosd", "OperadoresAritmeticosd.csproj", "{FDEE3D4C-3AA1-4F5A-8300-12A434F1D2A8}"
EndProject
Global
	GlobalSection(SolutionConfigurationPlatforms) = preSolution
		Debug|Any CPU = Debug|Any CPU
		Release|Any CPU = Release|Any CPU
	EndGlobalSection
	GlobalSection(ProjectConfigurationPlatforms) = postSolution
		{FDEE3D4C-3AA1-4F5A-8300-12A434F1D2A8}.Debug|Any CPU.ActiveCfg = Debug|Any CPU
		{FDEE3D4C-3AA1-4F5A-8300-12A434F1D2A8}.Debug|Any CPU.Build.0 = Debug|Any CPU
		{FDEE3D4C-3AA1-4F5A-8300-12A434F1D2A8}.Release|Any CPU.ActiveCfg = Release|Any CPU
		{FDEE3D4C-3AA1-4F5A-8300-12A434F1D2A8}.Release|Any CPU.Build.0 = Release|Any CPU
	EndGlobalSection
	GlobalSection(SolutionProperties) = preSolution
		HideSolutionNode = FALSE
	EndGlobalSection
	GlobalSection(ExtensibilityGlobals) = postSolution
		SolutionGuid = {6187B484-CDBD-4509-9E1F-12C882C736DA}
	EndGlobalSection
EndGlobal
